{
  "name": "worned-audio",
  "version": "1.0.1",
  "lockfileVersion": 2,
  "requires": true,
  "packages": {
    "": {
      "name": "worned-audio",
      "version": "1.0.1",
      "license": "ISC",
      "dependencies": {
        "worned-audio": "^1.0.1"
      }
    },
    "node_modules/worned-audio": {
      "version": "1.0.1",
      "resolved": "https://registry.npmjs.org/worned-audio/-/worned-audio-1.0.1.tgz",
      "integrity": "sha512-cJKU8kjdw/afmktDsMR9YEvM5YDax5DRLskIG8i1dW2BjifqamTxbHewbYAY50ezPV0CtGXAgV08vd22Qfzw1w=="
    }
  },
  "dependencies": {
    "worned-audio": {
      "version": "1.0.1",
      "resolved": "https://registry.npmjs.org/worned-audio/-/worned-audio-1.0.1.tgz",
      "integrity": "sha512-cJKU8kjdw/afmktDsMR9YEvM5YDax5DRLskIG8i1dW2BjifqamTxbHewbYAY50ezPV0CtGXAgV08vd22Qfzw1w=="
    }
  }
}
